// !$*UTF8*$!
{
	archiveVersion = 1;
	classes = {
	};
	objectVersion = 77;
	objects = {

/* Begin PBXBuildFile section */
		6D1E8F832D197DBA0037BB27 /* String+Extension.swift in Sources */ = {isa = PBXBuildFile; fileRef = 6D1E8F822D197DBA0037BB27 /* String+Extension.swift */; };
		6D1E8F852D1984140037BB27 /* GetTypes.swift in Sources */ = {isa = PBXBuildFile; fileRef = 6D1E8F842D1984140037BB27 /* GetTypes.swift */; };
		6D1E8F872D19846C0037BB27 /* GetTypesType.swift in Sources */ = {isa = PBXBuildFile; fileRef = 6D1E8F862D19846C0037BB27 /* GetTypesType.swift */; };
		6D1E8F892D1984890037BB27 /* JobType.swift in Sources */ = {isa = PBXBuildFile; fileRef = 6D1E8F882D1984890037BB27 /* JobType.swift */; };
		6D1E8F8B2D1984C70037BB27 /* GetTypesRepositoryType.swift in Sources */ = {isa = PBXBuildFile; fileRef = 6D1E8F8A2D1984C70037BB27 /* GetTypesRepositoryType.swift */; };
		6D1E8F8E2D1984FF0037BB27 /* GetTypesRepository.swift in Sources */ = {isa = PBXBuildFile; fileRef = 6D1E8F8D2D1984FF0037BB27 /* GetTypesRepository.swift */; };
		6D1E8F902D19857C0037BB27 /* TypesResultMapper.swift in Sources */ = {isa = PBXBuildFile; fileRef = 6D1E8F8F2D19857C0037BB27 /* TypesResultMapper.swift */; };
		6D1E8F922D1985D20037BB27 /* JobTypeDTO.swift in Sources */ = {isa = PBXBuildFile; fileRef = 6D1E8F912D1985D20037BB27 /* JobTypeDTO.swift */; };
		6D1E8F952D19860B0037BB27 /* APIGetTypesDataSourceType.swift in Sources */ = {isa = PBXBuildFile; fileRef = 6D1E8F942D19860B0037BB27 /* APIGetTypesDataSourceType.swift */; };
		6D1E8F972D19864B0037BB27 /* APIGetTypesDataSource.swift in Sources */ = {isa = PBXBuildFile; fileRef = 6D1E8F962D19864B0037BB27 /* APIGetTypesDataSource.swift */; };
		6D1E8F992D1986AF0037BB27 /* JobsTypesFactory.swift in Sources */ = {isa = PBXBuildFile; fileRef = 6D1E8F982D1986AF0037BB27 /* JobsTypesFactory.swift */; };
		6D1E8F9C2D1986DD0037BB27 /* JobsTypesView.swift in Sources */ = {isa = PBXBuildFile; fileRef = 6D1E8F9B2D1986DD0037BB27 /* JobsTypesView.swift */; };
		6D1E8FA02D19873F0037BB27 /* JobsTypesViewModel.swift in Sources */ = {isa = PBXBuildFile; fileRef = 6D1E8F9F2D19873F0037BB27 /* JobsTypesViewModel.swift */; };
		6D1E8FA22D1988A40037BB27 /* CreateJobsByTypeView.swift in Sources */ = {isa = PBXBuildFile; fileRef = 6D1E8FA12D1988A40037BB27 /* CreateJobsByTypeView.swift */; };
		6D235C822D15A47C0055C8E7 /* CreateJobsView.swift in Sources */ = {isa = PBXBuildFile; fileRef = 6D235C812D15A47C0055C8E7 /* CreateJobsView.swift */; };
		6D235C842D15A4950055C8E7 /* JobsView.swift in Sources */ = {isa = PBXBuildFile; fileRef = 6D235C832D15A4950055C8E7 /* JobsView.swift */; };
		6D235C862D15A5740055C8E7 /* JobsFactory.swift in Sources */ = {isa = PBXBuildFile; fileRef = 6D235C852D15A5740055C8E7 /* JobsFactory.swift */; };
		6D235C882D15A6120055C8E7 /* JobsViewModel.swift in Sources */ = {isa = PBXBuildFile; fileRef = 6D235C872D15A6120055C8E7 /* JobsViewModel.swift */; };
		6D235C8A2D1817C20055C8E7 /* JobItemView.swift in Sources */ = {isa = PBXBuildFile; fileRef = 6D235C892D1817C20055C8E7 /* JobItemView.swift */; };
		6D983DB02D14781B008DC00A /* Preview Assets.xcassets in Resources */ = {isa = PBXBuildFile; fileRef = 6D983DA72D14781B008DC00A /* Preview Assets.xcassets */; };
		6D983DB12D14781B008DC00A /* Assets.xcassets in Resources */ = {isa = PBXBuildFile; fileRef = 6D983DAB2D14781B008DC00A /* Assets.xcassets */; };
		6D983DB22D14781B008DC00A /* ContentView.swift in Sources */ = {isa = PBXBuildFile; fileRef = 6D983DAC2D14781B008DC00A /* ContentView.swift */; };
		6D983DB32D14781B008DC00A /* JobInfoApp.swift in Sources */ = {isa = PBXBuildFile; fileRef = 6D983DAE2D14781B008DC00A /* JobInfoApp.swift */; };
		6D983DB62D14789F008DC00A /* URLSessionRequestMaker.swift in Sources */ = {isa = PBXBuildFile; fileRef = 6D983DB52D14789F008DC00A /* URLSessionRequestMaker.swift */; };
		6D983DB82D1478B3008DC00A /* URLSessionErrorResolver.swift in Sources */ = {isa = PBXBuildFile; fileRef = 6D983DB72D1478B3008DC00A /* URLSessionErrorResolver.swift */; };
		6D983DBA2D1478C4008DC00A /* URLSessionHTTPCLient.swift in Sources */ = {isa = PBXBuildFile; fileRef = 6D983DB92D1478C4008DC00A /* URLSessionHTTPCLient.swift */; };
		6D983DBC2D1478E1008DC00A /* URLSessionType.swift in Sources */ = {isa = PBXBuildFile; fileRef = 6D983DBB2D1478E1008DC00A /* URLSessionType.swift */; };
		6D983DBE2D1478ED008DC00A /* SharedURLSession.swift in Sources */ = {isa = PBXBuildFile; fileRef = 6D983DBD2D1478ED008DC00A /* SharedURLSession.swift */; };
		6D983DC22D147957008DC00A /* Constants.swift in Sources */ = {isa = PBXBuildFile; fileRef = 6D983DC12D147957008DC00A /* Constants.swift */; };
		6D983DC42D1479B4008DC00A /* FirebaseLogs.swift in Sources */ = {isa = PBXBuildFile; fileRef = 6D983DC32D1479B4008DC00A /* FirebaseLogs.swift */; };
		6D983DC72D1479FD008DC00A /* FirebaseCrashlytics in Frameworks */ = {isa = PBXBuildFile; productRef = 6D983DC62D1479FD008DC00A /* FirebaseCrashlytics */; };
		6D983DC92D147A7A008DC00A /* HTTPClientError.swift in Sources */ = {isa = PBXBuildFile; fileRef = 6D983DC82D147A7A008DC00A /* HTTPClientError.swift */; };
		6D983DCB2D147A8B008DC00A /* Endpoint.swift in Sources */ = {isa = PBXBuildFile; fileRef = 6D983DCA2D147A8B008DC00A /* Endpoint.swift */; };
		6D983DCD2D147A98008DC00A /* HTTPMethod.swift in Sources */ = {isa = PBXBuildFile; fileRef = 6D983DCC2D147A98008DC00A /* HTTPMethod.swift */; };
		6D983DCF2D147AA3008DC00A /* HTTPClient.swift in Sources */ = {isa = PBXBuildFile; fileRef = 6D983DCE2D147AA3008DC00A /* HTTPClient.swift */; };
		6D983DD12D147B55008DC00A /* JobRegionDTO.swift in Sources */ = {isa = PBXBuildFile; fileRef = 6D983DD02D147B55008DC00A /* JobRegionDTO.swift */; };
		6D983DD42D147BB0008DC00A /* APIGetRegionsDataSourceType.swift in Sources */ = {isa = PBXBuildFile; fileRef = 6D983DD32D147BB0008DC00A /* APIGetRegionsDataSourceType.swift */; };
		6DED88732D147CD5009526BC /* APIGetRegionsDataSource.swift in Sources */ = {isa = PBXBuildFile; fileRef = 6DED88722D147CD5009526BC /* APIGetRegionsDataSource.swift */; };
		6DED88762D147E42009526BC /* GetRegionsRepository.swift in Sources */ = {isa = PBXBuildFile; fileRef = 6DED88752D147E42009526BC /* GetRegionsRepository.swift */; };
		6DED88782D147E5F009526BC /* GetRegionsRepositoryType.swift in Sources */ = {isa = PBXBuildFile; fileRef = 6DED88772D147E5F009526BC /* GetRegionsRepositoryType.swift */; };
		6DED887A2D147EEA009526BC /* JobInfoDomainError.swift in Sources */ = {isa = PBXBuildFile; fileRef = 6DED88792D147EEA009526BC /* JobInfoDomainError.swift */; };
		6DED887C2D147EFD009526BC /* JobRegion.swift in Sources */ = {isa = PBXBuildFile; fileRef = 6DED887B2D147EFD009526BC /* JobRegion.swift */; };
		6DED887E2D147F3C009526BC /* RegionsResultMapper.swift in Sources */ = {isa = PBXBuildFile; fileRef = 6DED887D2D147F3C009526BC /* RegionsResultMapper.swift */; };
		6DED88802D147FF0009526BC /* GetRegions.swift in Sources */ = {isa = PBXBuildFile; fileRef = 6DED887F2D147FF0009526BC /* GetRegions.swift */; };
		6DED88822D1482F4009526BC /* JobInfoDomainErrorMapper.swift in Sources */ = {isa = PBXBuildFile; fileRef = 6DED88812D1482F4009526BC /* JobInfoDomainErrorMapper.swift */; };
		6DED88842D14835E009526BC /* GetRegionsType.swift in Sources */ = {isa = PBXBuildFile; fileRef = 6DED88832D14835E009526BC /* GetRegionsType.swift */; };
		6DED88922D14891A009526BC /* JobsRegionsView.swift in Sources */ = {isa = PBXBuildFile; fileRef = 6DED88912D14891A009526BC /* JobsRegionsView.swift */; };
		6DED88942D1489B3009526BC /* CreateJobsByRegionView.swift in Sources */ = {isa = PBXBuildFile; fileRef = 6DED88932D1489B3009526BC /* CreateJobsByRegionView.swift */; };
		6DED88962D148A80009526BC /* ContentViewFactory.swift in Sources */ = {isa = PBXBuildFile; fileRef = 6DED88952D148A80009526BC /* ContentViewFactory.swift */; };
		6DED88982D148AEC009526BC /* JobsRegionsFactory.swift in Sources */ = {isa = PBXBuildFile; fileRef = 6DED88972D148AEC009526BC /* JobsRegionsFactory.swift */; };
		6DED889A2D148BB1009526BC /* JobsRegionsViewModel.swift in Sources */ = {isa = PBXBuildFile; fileRef = 6DED88992D148BB1009526BC /* JobsRegionsViewModel.swift */; };
		6DED889D2D148D03009526BC /* JobInfoPresentableErrorMapper.swift in Sources */ = {isa = PBXBuildFile; fileRef = 6DED889C2D148D03009526BC /* JobInfoPresentableErrorMapper.swift */; };
		6DED889F2D148FCA009526BC /* LoadingSpinnerView.swift in Sources */ = {isa = PBXBuildFile; fileRef = 6DED889E2D148FCA009526BC /* LoadingSpinnerView.swift */; };
		6DED88C42D149552009526BC /* SharedURLSessionTests.swift in Sources */ = {isa = PBXBuildFile; fileRef = 6DED88B12D149552009526BC /* SharedURLSessionTests.swift */; };
		6DED88C52D149552009526BC /* URLSessionErrorResolverTests.swift in Sources */ = {isa = PBXBuildFile; fileRef = 6DED88B22D149552009526BC /* URLSessionErrorResolverTests.swift */; };
		6DED88C62D149552009526BC /* URLSessionHTTPClientTests.swift in Sources */ = {isa = PBXBuildFile; fileRef = 6DED88B32D149552009526BC /* URLSessionHTTPClientTests.swift */; };
		6DED88C72D149552009526BC /* URLSessionRequestMakerTests.swift in Sources */ = {isa = PBXBuildFile; fileRef = 6DED88B42D149552009526BC /* URLSessionRequestMakerTests.swift */; };
		6DED88C82D149552009526BC /* APIGetRegionsDataSourceTests.swift in Sources */ = {isa = PBXBuildFile; fileRef = 6DED88B62D149552009526BC /* APIGetRegionsDataSourceTests.swift */; };
		6DED88C92D149552009526BC /* GetRegionsRepositoryTests.swift in Sources */ = {isa = PBXBuildFile; fileRef = 6DED88B82D149552009526BC /* GetRegionsRepositoryTests.swift */; };
		6DED88CA2D149552009526BC /* GetRegionsTests.swift in Sources */ = {isa = PBXBuildFile; fileRef = 6DED88BB2D149552009526BC /* GetRegionsTests.swift */; };
		6DED88CB2D149552009526BC /* GetRegionsRepositoryStub.swift in Sources */ = {isa = PBXBuildFile; fileRef = 6DED88BD2D149552009526BC /* GetRegionsRepositoryStub.swift */; };
		6DED88CC2D149552009526BC /* Equatable.swift in Sources */ = {isa = PBXBuildFile; fileRef = 6DED88BF2D149552009526BC /* Equatable.swift */; };
		6DED88CF2D149576009526BC /* JobsRegionsViewModelTests.swift in Sources */ = {isa = PBXBuildFile; fileRef = 6DED88CE2D149576009526BC /* JobsRegionsViewModelTests.swift */; };
		6DED88D22D14959E009526BC /* JobInfoPresentableErrorMapperTests.swift in Sources */ = {isa = PBXBuildFile; fileRef = 6DED88D12D14959E009526BC /* JobInfoPresentableErrorMapperTests.swift */; };
		6DED88D42D149864009526BC /* URLSessionStub.swift in Sources */ = {isa = PBXBuildFile; fileRef = 6DED88D32D149864009526BC /* URLSessionStub.swift */; };
		6DED88D62D149B1E009526BC /* APIGetRegionsDataSourceStub.swift in Sources */ = {isa = PBXBuildFile; fileRef = 6DED88D52D149B1E009526BC /* APIGetRegionsDataSourceStub.swift */; };
		6DED88D82D149DEF009526BC /* HTTPClientStub.swift in Sources */ = {isa = PBXBuildFile; fileRef = 6DED88D72D149DEF009526BC /* HTTPClientStub.swift */; };
		6DED88DC2D14A17E009526BC /* GetRegionsStub.swift in Sources */ = {isa = PBXBuildFile; fileRef = 6DED88DB2D14A17E009526BC /* GetRegionsStub.swift */; };
		AFB03E452D15833E00C5632C /* JobResultDTO.swift in Sources */ = {isa = PBXBuildFile; fileRef = AFB03E442D15833E00C5632C /* JobResultDTO.swift */; };
		AFB03E472D1583E200C5632C /* JobDTO.swift in Sources */ = {isa = PBXBuildFile; fileRef = AFB03E462D1583E200C5632C /* JobDTO.swift */; };
		AFB03E492D1585BB00C5632C /* JobResult.swift in Sources */ = {isa = PBXBuildFile; fileRef = AFB03E482D1585BB00C5632C /* JobResult.swift */; };
		AFB03E4B2D1585EB00C5632C /* Job.swift in Sources */ = {isa = PBXBuildFile; fileRef = AFB03E4A2D1585EB00C5632C /* Job.swift */; };
		AFB03E4D2D15873800C5632C /* GetJobsByRegion.swift in Sources */ = {isa = PBXBuildFile; fileRef = AFB03E4C2D15873800C5632C /* GetJobsByRegion.swift */; };
		AFB03E4F2D1587B700C5632C /* GetJobsByRegionType.swift in Sources */ = {isa = PBXBuildFile; fileRef = AFB03E4E2D1587B700C5632C /* GetJobsByRegionType.swift */; };
		AFB03E512D1587FB00C5632C /* GetJobsByRegionRepositoryType.swift in Sources */ = {isa = PBXBuildFile; fileRef = AFB03E502D1587FB00C5632C /* GetJobsByRegionRepositoryType.swift */; };
		AFB03E532D15885900C5632C /* GetJobsByRegionTests.swift in Sources */ = {isa = PBXBuildFile; fileRef = AFB03E522D15885900C5632C /* GetJobsByRegionTests.swift */; };
		AFB03E552D1588D500C5632C /* GetJobsByRegionRepositoryStub.swift in Sources */ = {isa = PBXBuildFile; fileRef = AFB03E542D1588D500C5632C /* GetJobsByRegionRepositoryStub.swift */; };
		AFB03E572D158AAE00C5632C /* GetJobsByRegionRepository.swift in Sources */ = {isa = PBXBuildFile; fileRef = AFB03E562D158AAE00C5632C /* GetJobsByRegionRepository.swift */; };
		AFB03E592D158B8F00C5632C /* APIGetJobsByRegionDataSourceType.swift in Sources */ = {isa = PBXBuildFile; fileRef = AFB03E582D158B8F00C5632C /* APIGetJobsByRegionDataSourceType.swift */; };
		AFB03E5B2D158BD200C5632C /* JobsByRegionResultMapper.swift in Sources */ = {isa = PBXBuildFile; fileRef = AFB03E5A2D158BD200C5632C /* JobsByRegionResultMapper.swift */; };
		AFB03E5D2D158CC100C5632C /* GetJobsByRegionRepositoryTests.swift in Sources */ = {isa = PBXBuildFile; fileRef = AFB03E5C2D158CC100C5632C /* GetJobsByRegionRepositoryTests.swift */; };
		AFB03E5F2D158D5400C5632C /* APIGetJobsByRegionDataSourceStub.swift in Sources */ = {isa = PBXBuildFile; fileRef = AFB03E5E2D158D5400C5632C /* APIGetJobsByRegionDataSourceStub.swift */; };
		AFB03E612D158EA000C5632C /* JobsByRegionResultMapperTests.swift in Sources */ = {isa = PBXBuildFile; fileRef = AFB03E602D158EA000C5632C /* JobsByRegionResultMapperTests.swift */; };
		AFB03E632D158EB500C5632C /* RegionsResultMapperTests.swift in Sources */ = {isa = PBXBuildFile; fileRef = AFB03E622D158EB500C5632C /* RegionsResultMapperTests.swift */; };
		AFB03E652D15909F00C5632C /* APIGetJobsByRegionDataSource.swift in Sources */ = {isa = PBXBuildFile; fileRef = AFB03E642D15909F00C5632C /* APIGetJobsByRegionDataSource.swift */; };
		AFB03E672D15919A00C5632C /* APIGetJobsByRegionDataSourceTests.swift in Sources */ = {isa = PBXBuildFile; fileRef = AFB03E662D15919A00C5632C /* APIGetJobsByRegionDataSourceTests.swift */; };
/* End PBXBuildFile section */

/* Begin PBXContainerItemProxy section */
		6D40ADEF2D1476CA0015F8AC /* PBXContainerItemProxy */ = {
			isa = PBXContainerItemProxy;
			containerPortal = 6D40ADD52D1476C90015F8AC /* Project object */;
			proxyType = 1;
			remoteGlobalIDString = 6D40ADDC2D1476C90015F8AC;
			remoteInfo = JobInfo;
		};
		6D40ADF92D1476CA0015F8AC /* PBXContainerItemProxy */ = {
			isa = PBXContainerItemProxy;
			containerPortal = 6D40ADD52D1476C90015F8AC /* Project object */;
			proxyType = 1;
			remoteGlobalIDString = 6D40ADDC2D1476C90015F8AC;
			remoteInfo = JobInfo;
		};
/* End PBXContainerItemProxy section */

/* Begin PBXFileReference section */
		6D1E8F822D197DBA0037BB27 /* String+Extension.swift */ = {isa = PBXFileReference; lastKnownFileType = sourcecode.swift; name = "String+Extension.swift"; path = "JobInfo/String+Extension.swift"; sourceTree = SOURCE_ROOT; };
		6D1E8F842D1984140037BB27 /* GetTypes.swift */ = {isa = PBXFileReference; lastKnownFileType = sourcecode.swift; path = GetTypes.swift; sourceTree = "<group>"; };
		6D1E8F862D19846C0037BB27 /* GetTypesType.swift */ = {isa = PBXFileReference; lastKnownFileType = sourcecode.swift; path = GetTypesType.swift; sourceTree = "<group>"; };
		6D1E8F882D1984890037BB27 /* JobType.swift */ = {isa = PBXFileReference; lastKnownFileType = sourcecode.swift; path = JobType.swift; sourceTree = "<group>"; };
		6D1E8F8A2D1984C70037BB27 /* GetTypesRepositoryType.swift */ = {isa = PBXFileReference; lastKnownFileType = sourcecode.swift; path = GetTypesRepositoryType.swift; sourceTree = "<group>"; };
		6D1E8F8D2D1984FF0037BB27 /* GetTypesRepository.swift */ = {isa = PBXFileReference; lastKnownFileType = sourcecode.swift; path = GetTypesRepository.swift; sourceTree = "<group>"; };
		6D1E8F8F2D19857C0037BB27 /* TypesResultMapper.swift */ = {isa = PBXFileReference; lastKnownFileType = sourcecode.swift; path = TypesResultMapper.swift; sourceTree = "<group>"; };
		6D1E8F912D1985D20037BB27 /* JobTypeDTO.swift */ = {isa = PBXFileReference; lastKnownFileType = sourcecode.swift; path = JobTypeDTO.swift; sourceTree = "<group>"; };
		6D1E8F942D19860B0037BB27 /* APIGetTypesDataSourceType.swift */ = {isa = PBXFileReference; lastKnownFileType = sourcecode.swift; path = APIGetTypesDataSourceType.swift; sourceTree = "<group>"; };
		6D1E8F962D19864B0037BB27 /* APIGetTypesDataSource.swift */ = {isa = PBXFileReference; lastKnownFileType = sourcecode.swift; path = APIGetTypesDataSource.swift; sourceTree = "<group>"; };
		6D1E8F982D1986AF0037BB27 /* JobsTypesFactory.swift */ = {isa = PBXFileReference; lastKnownFileType = sourcecode.swift; path = JobsTypesFactory.swift; sourceTree = "<group>"; };
		6D1E8F9B2D1986DD0037BB27 /* JobsTypesView.swift */ = {isa = PBXFileReference; lastKnownFileType = sourcecode.swift; path = JobsTypesView.swift; sourceTree = "<group>"; };
		6D1E8F9F2D19873F0037BB27 /* JobsTypesViewModel.swift */ = {isa = PBXFileReference; lastKnownFileType = sourcecode.swift; path = JobsTypesViewModel.swift; sourceTree = "<group>"; };
		6D1E8FA12D1988A40037BB27 /* CreateJobsByTypeView.swift */ = {isa = PBXFileReference; lastKnownFileType = sourcecode.swift; path = CreateJobsByTypeView.swift; sourceTree = "<group>"; };
		6D235C812D15A47C0055C8E7 /* CreateJobsView.swift */ = {isa = PBXFileReference; lastKnownFileType = sourcecode.swift; path = CreateJobsView.swift; sourceTree = "<group>"; };
		6D235C832D15A4950055C8E7 /* JobsView.swift */ = {isa = PBXFileReference; lastKnownFileType = sourcecode.swift; path = JobsView.swift; sourceTree = "<group>"; };
		6D235C852D15A5740055C8E7 /* JobsFactory.swift */ = {isa = PBXFileReference; lastKnownFileType = sourcecode.swift; path = JobsFactory.swift; sourceTree = "<group>"; };
		6D235C872D15A6120055C8E7 /* JobsViewModel.swift */ = {isa = PBXFileReference; lastKnownFileType = sourcecode.swift; path = JobsViewModel.swift; sourceTree = "<group>"; };
		6D235C892D1817C20055C8E7 /* JobItemView.swift */ = {isa = PBXFileReference; lastKnownFileType = sourcecode.swift; path = JobItemView.swift; sourceTree = "<group>"; };
		6D40ADDD2D1476C90015F8AC /* JobInfo.app */ = {isa = PBXFileReference; explicitFileType = wrapper.application; includeInIndex = 0; path = JobInfo.app; sourceTree = BUILT_PRODUCTS_DIR; };
		6D40ADEE2D1476CA0015F8AC /* JobInfoTests.xctest */ = {isa = PBXFileReference; explicitFileType = wrapper.cfbundle; includeInIndex = 0; path = JobInfoTests.xctest; sourceTree = BUILT_PRODUCTS_DIR; };
		6D40ADF82D1476CA0015F8AC /* JobInfoUITests.xctest */ = {isa = PBXFileReference; explicitFileType = wrapper.cfbundle; includeInIndex = 0; path = JobInfoUITests.xctest; sourceTree = BUILT_PRODUCTS_DIR; };
		6D983DA72D14781B008DC00A /* Preview Assets.xcassets */ = {isa = PBXFileReference; lastKnownFileType = folder.assetcatalog; path = "Preview Assets.xcassets"; sourceTree = "<group>"; };
		6D983DAB2D14781B008DC00A /* Assets.xcassets */ = {isa = PBXFileReference; lastKnownFileType = folder.assetcatalog; path = Assets.xcassets; sourceTree = "<group>"; };
		6D983DAC2D14781B008DC00A /* ContentView.swift */ = {isa = PBXFileReference; lastKnownFileType = sourcecode.swift; path = ContentView.swift; sourceTree = "<group>"; };
		6D983DAD2D14781B008DC00A /* JobInfo.entitlements */ = {isa = PBXFileReference; lastKnownFileType = text.plist.entitlements; path = JobInfo.entitlements; sourceTree = "<group>"; };
		6D983DAE2D14781B008DC00A /* JobInfoApp.swift */ = {isa = PBXFileReference; lastKnownFileType = sourcecode.swift; path = JobInfoApp.swift; sourceTree = "<group>"; };
		6D983DB52D14789F008DC00A /* URLSessionRequestMaker.swift */ = {isa = PBXFileReference; lastKnownFileType = sourcecode.swift; path = URLSessionRequestMaker.swift; sourceTree = "<group>"; };
		6D983DB72D1478B3008DC00A /* URLSessionErrorResolver.swift */ = {isa = PBXFileReference; lastKnownFileType = sourcecode.swift; path = URLSessionErrorResolver.swift; sourceTree = "<group>"; };
		6D983DB92D1478C4008DC00A /* URLSessionHTTPCLient.swift */ = {isa = PBXFileReference; lastKnownFileType = sourcecode.swift; path = URLSessionHTTPCLient.swift; sourceTree = "<group>"; };
		6D983DBB2D1478E1008DC00A /* URLSessionType.swift */ = {isa = PBXFileReference; lastKnownFileType = sourcecode.swift; path = URLSessionType.swift; sourceTree = "<group>"; };
		6D983DBD2D1478ED008DC00A /* SharedURLSession.swift */ = {isa = PBXFileReference; lastKnownFileType = sourcecode.swift; path = SharedURLSession.swift; sourceTree = "<group>"; };
		6D983DC12D147957008DC00A /* Constants.swift */ = {isa = PBXFileReference; lastKnownFileType = sourcecode.swift; path = Constants.swift; sourceTree = "<group>"; };
		6D983DC32D1479B4008DC00A /* FirebaseLogs.swift */ = {isa = PBXFileReference; lastKnownFileType = sourcecode.swift; path = FirebaseLogs.swift; sourceTree = "<group>"; };
		6D983DC82D147A7A008DC00A /* HTTPClientError.swift */ = {isa = PBXFileReference; lastKnownFileType = sourcecode.swift; path = HTTPClientError.swift; sourceTree = "<group>"; };
		6D983DCA2D147A8B008DC00A /* Endpoint.swift */ = {isa = PBXFileReference; lastKnownFileType = sourcecode.swift; path = Endpoint.swift; sourceTree = "<group>"; };
		6D983DCC2D147A98008DC00A /* HTTPMethod.swift */ = {isa = PBXFileReference; lastKnownFileType = sourcecode.swift; path = HTTPMethod.swift; sourceTree = "<group>"; };
		6D983DCE2D147AA3008DC00A /* HTTPClient.swift */ = {isa = PBXFileReference; lastKnownFileType = sourcecode.swift; path = HTTPClient.swift; sourceTree = "<group>"; };
		6D983DD02D147B55008DC00A /* JobRegionDTO.swift */ = {isa = PBXFileReference; lastKnownFileType = sourcecode.swift; path = JobRegionDTO.swift; sourceTree = "<group>"; };
		6D983DD32D147BB0008DC00A /* APIGetRegionsDataSourceType.swift */ = {isa = PBXFileReference; lastKnownFileType = sourcecode.swift; path = APIGetRegionsDataSourceType.swift; sourceTree = "<group>"; };
		6DED88722D147CD5009526BC /* APIGetRegionsDataSource.swift */ = {isa = PBXFileReference; lastKnownFileType = sourcecode.swift; path = APIGetRegionsDataSource.swift; sourceTree = "<group>"; };
		6DED88752D147E42009526BC /* GetRegionsRepository.swift */ = {isa = PBXFileReference; lastKnownFileType = sourcecode.swift; path = GetRegionsRepository.swift; sourceTree = "<group>"; };
		6DED88772D147E5F009526BC /* GetRegionsRepositoryType.swift */ = {isa = PBXFileReference; lastKnownFileType = sourcecode.swift; path = GetRegionsRepositoryType.swift; sourceTree = "<group>"; };
		6DED88792D147EEA009526BC /* JobInfoDomainError.swift */ = {isa = PBXFileReference; lastKnownFileType = sourcecode.swift; path = JobInfoDomainError.swift; sourceTree = "<group>"; };
		6DED887B2D147EFD009526BC /* JobRegion.swift */ = {isa = PBXFileReference; lastKnownFileType = sourcecode.swift; path = JobRegion.swift; sourceTree = "<group>"; };
		6DED887D2D147F3C009526BC /* RegionsResultMapper.swift */ = {isa = PBXFileReference; lastKnownFileType = sourcecode.swift; path = RegionsResultMapper.swift; sourceTree = "<group>"; };
		6DED887F2D147FF0009526BC /* GetRegions.swift */ = {isa = PBXFileReference; lastKnownFileType = sourcecode.swift; path = GetRegions.swift; sourceTree = "<group>"; };
		6DED88812D1482F4009526BC /* JobInfoDomainErrorMapper.swift */ = {isa = PBXFileReference; lastKnownFileType = sourcecode.swift; path = JobInfoDomainErrorMapper.swift; sourceTree = "<group>"; };
		6DED88832D14835E009526BC /* GetRegionsType.swift */ = {isa = PBXFileReference; lastKnownFileType = sourcecode.swift; path = GetRegionsType.swift; sourceTree = "<group>"; };
		6DED88912D14891A009526BC /* JobsRegionsView.swift */ = {isa = PBXFileReference; lastKnownFileType = sourcecode.swift; path = JobsRegionsView.swift; sourceTree = "<group>"; };
		6DED88932D1489B3009526BC /* CreateJobsByRegionView.swift */ = {isa = PBXFileReference; lastKnownFileType = sourcecode.swift; path = CreateJobsByRegionView.swift; sourceTree = "<group>"; };
		6DED88952D148A80009526BC /* ContentViewFactory.swift */ = {isa = PBXFileReference; lastKnownFileType = sourcecode.swift; path = ContentViewFactory.swift; sourceTree = "<group>"; };
		6DED88972D148AEC009526BC /* JobsRegionsFactory.swift */ = {isa = PBXFileReference; lastKnownFileType = sourcecode.swift; path = JobsRegionsFactory.swift; sourceTree = "<group>"; };
		6DED88992D148BB1009526BC /* JobsRegionsViewModel.swift */ = {isa = PBXFileReference; lastKnownFileType = sourcecode.swift; path = JobsRegionsViewModel.swift; sourceTree = "<group>"; };
		6DED889C2D148D03009526BC /* JobInfoPresentableErrorMapper.swift */ = {isa = PBXFileReference; lastKnownFileType = sourcecode.swift; path = JobInfoPresentableErrorMapper.swift; sourceTree = "<group>"; };
		6DED889E2D148FCA009526BC /* LoadingSpinnerView.swift */ = {isa = PBXFileReference; lastKnownFileType = sourcecode.swift; path = LoadingSpinnerView.swift; sourceTree = "<group>"; };
		6DED88B12D149552009526BC /* SharedURLSessionTests.swift */ = {isa = PBXFileReference; lastKnownFileType = sourcecode.swift; path = SharedURLSessionTests.swift; sourceTree = "<group>"; };
		6DED88B22D149552009526BC /* URLSessionErrorResolverTests.swift */ = {isa = PBXFileReference; lastKnownFileType = sourcecode.swift; path = URLSessionErrorResolverTests.swift; sourceTree = "<group>"; };
		6DED88B32D149552009526BC /* URLSessionHTTPClientTests.swift */ = {isa = PBXFileReference; lastKnownFileType = sourcecode.swift; path = URLSessionHTTPClientTests.swift; sourceTree = "<group>"; };
		6DED88B42D149552009526BC /* URLSessionRequestMakerTests.swift */ = {isa = PBXFileReference; lastKnownFileType = sourcecode.swift; path = URLSessionRequestMakerTests.swift; sourceTree = "<group>"; };
		6DED88B62D149552009526BC /* APIGetRegionsDataSourceTests.swift */ = {isa = PBXFileReference; lastKnownFileType = sourcecode.swift; path = APIGetRegionsDataSourceTests.swift; sourceTree = "<group>"; };
		6DED88B82D149552009526BC /* GetRegionsRepositoryTests.swift */ = {isa = PBXFileReference; lastKnownFileType = sourcecode.swift; path = GetRegionsRepositoryTests.swift; sourceTree = "<group>"; };
		6DED88BB2D149552009526BC /* GetRegionsTests.swift */ = {isa = PBXFileReference; lastKnownFileType = sourcecode.swift; path = GetRegionsTests.swift; sourceTree = "<group>"; };
		6DED88BD2D149552009526BC /* GetRegionsRepositoryStub.swift */ = {isa = PBXFileReference; lastKnownFileType = sourcecode.swift; path = GetRegionsRepositoryStub.swift; sourceTree = "<group>"; };
		6DED88BF2D149552009526BC /* Equatable.swift */ = {isa = PBXFileReference; lastKnownFileType = sourcecode.swift; path = Equatable.swift; sourceTree = "<group>"; };
		6DED88CE2D149576009526BC /* JobsRegionsViewModelTests.swift */ = {isa = PBXFileReference; lastKnownFileType = sourcecode.swift; path = JobsRegionsViewModelTests.swift; sourceTree = "<group>"; };
		6DED88D12D14959E009526BC /* JobInfoPresentableErrorMapperTests.swift */ = {isa = PBXFileReference; lastKnownFileType = sourcecode.swift; path = JobInfoPresentableErrorMapperTests.swift; sourceTree = "<group>"; };
		6DED88D32D149864009526BC /* URLSessionStub.swift */ = {isa = PBXFileReference; lastKnownFileType = sourcecode.swift; path = URLSessionStub.swift; sourceTree = "<group>"; };
		6DED88D52D149B1E009526BC /* APIGetRegionsDataSourceStub.swift */ = {isa = PBXFileReference; lastKnownFileType = sourcecode.swift; path = APIGetRegionsDataSourceStub.swift; sourceTree = "<group>"; };
		6DED88D72D149DEF009526BC /* HTTPClientStub.swift */ = {isa = PBXFileReference; lastKnownFileType = sourcecode.swift; path = HTTPClientStub.swift; sourceTree = "<group>"; };
		6DED88DB2D14A17E009526BC /* GetRegionsStub.swift */ = {isa = PBXFileReference; lastKnownFileType = sourcecode.swift; path = GetRegionsStub.swift; sourceTree = "<group>"; };
		AFB03E442D15833E00C5632C /* JobResultDTO.swift */ = {isa = PBXFileReference; lastKnownFileType = sourcecode.swift; path = JobResultDTO.swift; sourceTree = "<group>"; };
		AFB03E462D1583E200C5632C /* JobDTO.swift */ = {isa = PBXFileReference; lastKnownFileType = sourcecode.swift; path = JobDTO.swift; sourceTree = "<group>"; };
		AFB03E482D1585BB00C5632C /* JobResult.swift */ = {isa = PBXFileReference; lastKnownFileType = sourcecode.swift; path = JobResult.swift; sourceTree = "<group>"; };
		AFB03E4A2D1585EB00C5632C /* Job.swift */ = {isa = PBXFileReference; lastKnownFileType = sourcecode.swift; path = Job.swift; sourceTree = "<group>"; };
		AFB03E4C2D15873800C5632C /* GetJobsByRegion.swift */ = {isa = PBXFileReference; lastKnownFileType = sourcecode.swift; path = GetJobsByRegion.swift; sourceTree = "<group>"; };
		AFB03E4E2D1587B700C5632C /* GetJobsByRegionType.swift */ = {isa = PBXFileReference; lastKnownFileType = sourcecode.swift; path = GetJobsByRegionType.swift; sourceTree = "<group>"; };
		AFB03E502D1587FB00C5632C /* GetJobsByRegionRepositoryType.swift */ = {isa = PBXFileReference; lastKnownFileType = sourcecode.swift; path = GetJobsByRegionRepositoryType.swift; sourceTree = "<group>"; };
		AFB03E522D15885900C5632C /* GetJobsByRegionTests.swift */ = {isa = PBXFileReference; lastKnownFileType = sourcecode.swift; path = GetJobsByRegionTests.swift; sourceTree = "<group>"; };
		AFB03E542D1588D500C5632C /* GetJobsByRegionRepositoryStub.swift */ = {isa = PBXFileReference; lastKnownFileType = sourcecode.swift; path = GetJobsByRegionRepositoryStub.swift; sourceTree = "<group>"; };
		AFB03E562D158AAE00C5632C /* GetJobsByRegionRepository.swift */ = {isa = PBXFileReference; lastKnownFileType = sourcecode.swift; path = GetJobsByRegionRepository.swift; sourceTree = "<group>"; };
		AFB03E582D158B8F00C5632C /* APIGetJobsByRegionDataSourceType.swift */ = {isa = PBXFileReference; lastKnownFileType = sourcecode.swift; path = APIGetJobsByRegionDataSourceType.swift; sourceTree = "<group>"; };
		AFB03E5A2D158BD200C5632C /* JobsByRegionResultMapper.swift */ = {isa = PBXFileReference; lastKnownFileType = sourcecode.swift; path = JobsByRegionResultMapper.swift; sourceTree = "<group>"; };
		AFB03E5C2D158CC100C5632C /* GetJobsByRegionRepositoryTests.swift */ = {isa = PBXFileReference; lastKnownFileType = sourcecode.swift; path = GetJobsByRegionRepositoryTests.swift; sourceTree = "<group>"; };
		AFB03E5E2D158D5400C5632C /* APIGetJobsByRegionDataSourceStub.swift */ = {isa = PBXFileReference; lastKnownFileType = sourcecode.swift; path = APIGetJobsByRegionDataSourceStub.swift; sourceTree = "<group>"; };
		AFB03E602D158EA000C5632C /* JobsByRegionResultMapperTests.swift */ = {isa = PBXFileReference; lastKnownFileType = sourcecode.swift; path = JobsByRegionResultMapperTests.swift; sourceTree = "<group>"; };
		AFB03E622D158EB500C5632C /* RegionsResultMapperTests.swift */ = {isa = PBXFileReference; lastKnownFileType = sourcecode.swift; path = RegionsResultMapperTests.swift; sourceTree = "<group>"; };
		AFB03E642D15909F00C5632C /* APIGetJobsByRegionDataSource.swift */ = {isa = PBXFileReference; lastKnownFileType = sourcecode.swift; path = APIGetJobsByRegionDataSource.swift; sourceTree = "<group>"; };
		AFB03E662D15919A00C5632C /* APIGetJobsByRegionDataSourceTests.swift */ = {isa = PBXFileReference; lastKnownFileType = sourcecode.swift; path = APIGetJobsByRegionDataSourceTests.swift; sourceTree = "<group>"; };
/* End PBXFileReference section */

/* Begin PBXFileSystemSynchronizedRootGroup section */
		6D40ADFB2D1476CA0015F8AC /* JobInfoUITests */ = {
			isa = PBXFileSystemSynchronizedRootGroup;
			path = JobInfoUITests;
			sourceTree = "<group>";
		};
/* End PBXFileSystemSynchronizedRootGroup section */

/* Begin PBXFrameworksBuildPhase section */
		6D40ADDA2D1476C90015F8AC /* Frameworks */ = {
			isa = PBXFrameworksBuildPhase;
			buildActionMask = 2147483647;
			files = (
				6D983DC72D1479FD008DC00A /* FirebaseCrashlytics in Frameworks */,
			);
			runOnlyForDeploymentPostprocessing = 0;
		};
		6D40ADEB2D1476CA0015F8AC /* Frameworks */ = {
			isa = PBXFrameworksBuildPhase;
			buildActionMask = 2147483647;
			files = (
			);
			runOnlyForDeploymentPostprocessing = 0;
		};
		6D40ADF52D1476CA0015F8AC /* Frameworks */ = {
			isa = PBXFrameworksBuildPhase;
			buildActionMask = 2147483647;
			files = (
			);
			runOnlyForDeploymentPostprocessing = 0;
		};
/* End PBXFrameworksBuildPhase section */

/* Begin PBXGroup section */
		6D1E8F8C2D1984E50037BB27 /* Types */ = {
			isa = PBXGroup;
			children = (
				6D1E8F8D2D1984FF0037BB27 /* GetTypesRepository.swift */,
			);
			path = Types;
			sourceTree = "<group>";
		};
		6D1E8F932D1985F10037BB27 /* Types */ = {
			isa = PBXGroup;
			children = (
				6D1E8F942D19860B0037BB27 /* APIGetTypesDataSourceType.swift */,
				6D1E8F962D19864B0037BB27 /* APIGetTypesDataSource.swift */,
			);
			path = Types;
			sourceTree = "<group>";
		};
		6D1E8F9A2D1986D00037BB27 /* JobsByType */ = {
			isa = PBXGroup;
			children = (
				6D1E8F9B2D1986DD0037BB27 /* JobsTypesView.swift */,
				6D1E8FA12D1988A40037BB27 /* CreateJobsByTypeView.swift */,
			);
			path = JobsByType;
			sourceTree = "<group>";
		};
		6D1E8F9D2D1986EA0037BB27 /* Job */ = {
			isa = PBXGroup;
			children = (
				6D235C832D15A4950055C8E7 /* JobsView.swift */,
				6D235C892D1817C20055C8E7 /* JobItemView.swift */,
			);
			path = Job;
			sourceTree = "<group>";
		};
		6D1E8F9E2D19872F0037BB27 /* JobsByType */ = {
			isa = PBXGroup;
			children = (
				6D1E8F9F2D19873F0037BB27 /* JobsTypesViewModel.swift */,
			);
			path = JobsByType;
			sourceTree = "<group>";
		};
		6D40ADD42D1476C90015F8AC = {
			isa = PBXGroup;
			children = (
				6D983DAF2D14781B008DC00A /* JobInfo */,
				6DED88C32D149552009526BC /* JobInfoTests */,
				6D40ADFB2D1476CA0015F8AC /* JobInfoUITests */,
				6D40ADDE2D1476C90015F8AC /* Products */,
			);
			sourceTree = "<group>";
		};
		6D40ADDE2D1476C90015F8AC /* Products */ = {
			isa = PBXGroup;
			children = (
				6D40ADDD2D1476C90015F8AC /* JobInfo.app */,
				6D40ADEE2D1476CA0015F8AC /* JobInfoTests.xctest */,
				6D40ADF82D1476CA0015F8AC /* JobInfoUITests.xctest */,
			);
			name = Products;
			sourceTree = "<group>";
		};
		6D983D982D14781B008DC00A /* Composition Root */ = {
			isa = PBXGroup;
			children = (
				6DED88952D148A80009526BC /* ContentViewFactory.swift */,
				6DED88972D148AEC009526BC /* JobsRegionsFactory.swift */,
				6D235C852D15A5740055C8E7 /* JobsFactory.swift */,
				6D1E8F982D1986AF0037BB27 /* JobsTypesFactory.swift */,
			);
			path = "Composition Root";
			sourceTree = "<group>";
		};
		6D983D992D14781B008DC00A /* DTOs */ = {
			isa = PBXGroup;
			children = (
				6D983DD02D147B55008DC00A /* JobRegionDTO.swift */,
				AFB03E442D15833E00C5632C /* JobResultDTO.swift */,
				AFB03E462D1583E200C5632C /* JobDTO.swift */,
				6D1E8F912D1985D20037BB27 /* JobTypeDTO.swift */,
			);
			path = DTOs;
			sourceTree = "<group>";
		};
		6D983D9A2D14781B008DC00A /* Mapper */ = {
			isa = PBXGroup;
			children = (
				6DED88812D1482F4009526BC /* JobInfoDomainErrorMapper.swift */,
				6DED887D2D147F3C009526BC /* RegionsResultMapper.swift */,
				AFB03E5A2D158BD200C5632C /* JobsByRegionResultMapper.swift */,
				6D1E8F8F2D19857C0037BB27 /* TypesResultMapper.swift */,
			);
			path = Mapper;
			sourceTree = "<group>";
		};
		6D983D9B2D14781B008DC00A /* Networking */ = {
			isa = PBXGroup;
			children = (
				6D983DC82D147A7A008DC00A /* HTTPClientError.swift */,
				6D983DCA2D147A8B008DC00A /* Endpoint.swift */,
				6D983DCC2D147A98008DC00A /* HTTPMethod.swift */,
				6D983DCE2D147AA3008DC00A /* HTTPClient.swift */,
				6D983DD22D147B9A008DC00A /* Regions */,
				6D1E8F932D1985F10037BB27 /* Types */,
			);
			path = Networking;
			sourceTree = "<group>";
		};
		6D983D9C2D14781B008DC00A /* Repositories */ = {
			isa = PBXGroup;
			children = (
				6D1E8F8C2D1984E50037BB27 /* Types */,
				6DED88742D147E32009526BC /* Regions */,
			);
			path = Repositories;
			sourceTree = "<group>";
		};
		6D983D9D2D14781B008DC00A /* Data */ = {
			isa = PBXGroup;
			children = (
				6D983D9A2D14781B008DC00A /* Mapper */,
				6D983D992D14781B008DC00A /* DTOs */,
				6D983D9B2D14781B008DC00A /* Networking */,
				6D983D9C2D14781B008DC00A /* Repositories */,
			);
			path = Data;
			sourceTree = "<group>";
		};
		6D983D9E2D14781B008DC00A /* Entities */ = {
			isa = PBXGroup;
			children = (
				6DED887B2D147EFD009526BC /* JobRegion.swift */,
				AFB03E482D1585BB00C5632C /* JobResult.swift */,
				AFB03E4A2D1585EB00C5632C /* Job.swift */,
				6D1E8F882D1984890037BB27 /* JobType.swift */,
			);
			path = Entities;
			sourceTree = "<group>";
		};
		6D983D9F2D14781B008DC00A /* Error */ = {
			isa = PBXGroup;
			children = (
				6DED88792D147EEA009526BC /* JobInfoDomainError.swift */,
			);
			path = Error;
			sourceTree = "<group>";
		};
		6D983DA02D14781B008DC00A /* Interfaces */ = {
			isa = PBXGroup;
			children = (
				6DED88772D147E5F009526BC /* GetRegionsRepositoryType.swift */,
				6DED88832D14835E009526BC /* GetRegionsType.swift */,
				AFB03E4E2D1587B700C5632C /* GetJobsByRegionType.swift */,
				AFB03E502D1587FB00C5632C /* GetJobsByRegionRepositoryType.swift */,
				6D1E8F862D19846C0037BB27 /* GetTypesType.swift */,
				6D1E8F8A2D1984C70037BB27 /* GetTypesRepositoryType.swift */,
			);
			path = Interfaces;
			sourceTree = "<group>";
		};
		6D983DA12D14781B008DC00A /* Use Cases */ = {
			isa = PBXGroup;
			children = (
				6DED887F2D147FF0009526BC /* GetRegions.swift */,
				AFB03E4C2D15873800C5632C /* GetJobsByRegion.swift */,
				6D1E8F842D1984140037BB27 /* GetTypes.swift */,
			);
			path = "Use Cases";
			sourceTree = "<group>";
		};
		6D983DA22D14781B008DC00A /* Domain */ = {
			isa = PBXGroup;
			children = (
				6D983D9F2D14781B008DC00A /* Error */,
				6D983DA02D14781B008DC00A /* Interfaces */,
				6D983DA12D14781B008DC00A /* Use Cases */,
				6D983D9E2D14781B008DC00A /* Entities */,
			);
			path = Domain;
			sourceTree = "<group>";
		};
		6D983DA32D14781B008DC00A /* Extensions */ = {
			isa = PBXGroup;
			children = (
				6D1E8F822D197DBA0037BB27 /* String+Extension.swift */,
			);
			path = Extensions;
			sourceTree = "<group>";
		};
		6D983DA42D14781B008DC00A /* Infraestructure */ = {
			isa = PBXGroup;
			children = (
				6D983DB42D147890008DC00A /* Networking */,
			);
			path = Infraestructure;
			sourceTree = "<group>";
		};
		6D983DA52D14781B008DC00A /* Managers */ = {
			isa = PBXGroup;
			children = (
			);
			path = Managers;
			sourceTree = "<group>";
		};
		6D983DA62D14781B008DC00A /* Presentation */ = {
			isa = PBXGroup;
			children = (
				6DED889C2D148D03009526BC /* JobInfoPresentableErrorMapper.swift */,
				6D235C872D15A6120055C8E7 /* JobsViewModel.swift */,
				6DED889B2D148CF2009526BC /* JobsByRegions */,
				6D1E8F9E2D19872F0037BB27 /* JobsByType */,
			);
			path = Presentation;
			sourceTree = "<group>";
		};
		6D983DA82D14781B008DC00A /* Preview Content */ = {
			isa = PBXGroup;
			children = (
				6D983DA72D14781B008DC00A /* Preview Assets.xcassets */,
			);
			path = "Preview Content";
			sourceTree = "<group>";
		};
		6D983DA92D14781B008DC00A /* UI */ = {
			isa = PBXGroup;
			children = (
				6DED889E2D148FCA009526BC /* LoadingSpinnerView.swift */,
				6D235C812D15A47C0055C8E7 /* CreateJobsView.swift */,
				6D1E8F9D2D1986EA0037BB27 /* Job */,
				6DED88902D1488FD009526BC /* JobsByRegion */,
				6D1E8F9A2D1986D00037BB27 /* JobsByType */,
			);
			path = UI;
			sourceTree = "<group>";
		};
		6D983DAA2D14781B008DC00A /* Utils */ = {
			isa = PBXGroup;
			children = (
				6D983DC12D147957008DC00A /* Constants.swift */,
				6D983DC32D1479B4008DC00A /* FirebaseLogs.swift */,
			);
			path = Utils;
			sourceTree = "<group>";
		};
		6D983DAF2D14781B008DC00A /* JobInfo */ = {
			isa = PBXGroup;
			children = (
				6D983DAE2D14781B008DC00A /* JobInfoApp.swift */,
				6D983DAC2D14781B008DC00A /* ContentView.swift */,
				6D983DA32D14781B008DC00A /* Extensions */,
				6D983DA52D14781B008DC00A /* Managers */,
				6D983DAA2D14781B008DC00A /* Utils */,
				6D983D982D14781B008DC00A /* Composition Root */,
				6D983DA92D14781B008DC00A /* UI */,
				6D983DA62D14781B008DC00A /* Presentation */,
				6D983DA42D14781B008DC00A /* Infraestructure */,
				6D983D9D2D14781B008DC00A /* Data */,
				6D983DA22D14781B008DC00A /* Domain */,
				6D983DA82D14781B008DC00A /* Preview Content */,
				6D983DAB2D14781B008DC00A /* Assets.xcassets */,
				6D983DAD2D14781B008DC00A /* JobInfo.entitlements */,
			);
			path = JobInfo;
			sourceTree = "<group>";
		};
		6D983DB42D147890008DC00A /* Networking */ = {
			isa = PBXGroup;
			children = (
				6D983DB52D14789F008DC00A /* URLSessionRequestMaker.swift */,
				6D983DB72D1478B3008DC00A /* URLSessionErrorResolver.swift */,
				6D983DB92D1478C4008DC00A /* URLSessionHTTPCLient.swift */,
				6D983DBB2D1478E1008DC00A /* URLSessionType.swift */,
				6D983DBD2D1478ED008DC00A /* SharedURLSession.swift */,
			);
			path = Networking;
			sourceTree = "<group>";
		};
		6D983DD22D147B9A008DC00A /* Regions */ = {
			isa = PBXGroup;
			children = (
				6D983DD32D147BB0008DC00A /* APIGetRegionsDataSourceType.swift */,
				6DED88722D147CD5009526BC /* APIGetRegionsDataSource.swift */,
				AFB03E582D158B8F00C5632C /* APIGetJobsByRegionDataSourceType.swift */,
				AFB03E642D15909F00C5632C /* APIGetJobsByRegionDataSource.swift */,
			);
			path = Regions;
			sourceTree = "<group>";
		};
		6DED88742D147E32009526BC /* Regions */ = {
			isa = PBXGroup;
			children = (
				6DED88752D147E42009526BC /* GetRegionsRepository.swift */,
				AFB03E562D158AAE00C5632C /* GetJobsByRegionRepository.swift */,
			);
			path = Regions;
			sourceTree = "<group>";
		};
		6DED88902D1488FD009526BC /* JobsByRegion */ = {
			isa = PBXGroup;
			children = (
				6DED88912D14891A009526BC /* JobsRegionsView.swift */,
				6DED88932D1489B3009526BC /* CreateJobsByRegionView.swift */,
			);
			path = JobsByRegion;
			sourceTree = "<group>";
		};
		6DED889B2D148CF2009526BC /* JobsByRegions */ = {
			isa = PBXGroup;
			children = (
				6DED88992D148BB1009526BC /* JobsRegionsViewModel.swift */,
			);
			path = JobsByRegions;
			sourceTree = "<group>";
		};
		6DED88B52D149552009526BC /* Infraestructure */ = {
			isa = PBXGroup;
			children = (
				6DED88B22D149552009526BC /* URLSessionErrorResolverTests.swift */,
				6DED88B32D149552009526BC /* URLSessionHTTPClientTests.swift */,
				6DED88B42D149552009526BC /* URLSessionRequestMakerTests.swift */,
				6DED88B12D149552009526BC /* SharedURLSessionTests.swift */,
			);
			path = Infraestructure;
			sourceTree = "<group>";
		};
		6DED88B72D149552009526BC /* Networking */ = {
			isa = PBXGroup;
			children = (
				6DED88B62D149552009526BC /* APIGetRegionsDataSourceTests.swift */,
				AFB03E662D15919A00C5632C /* APIGetJobsByRegionDataSourceTests.swift */,
			);
			path = Networking;
			sourceTree = "<group>";
		};
		6DED88B92D149552009526BC /* Repositories */ = {
			isa = PBXGroup;
			children = (
				6DED88B82D149552009526BC /* GetRegionsRepositoryTests.swift */,
				AFB03E5C2D158CC100C5632C /* GetJobsByRegionRepositoryTests.swift */,
			);
			path = Repositories;
			sourceTree = "<group>";
		};
		6DED88BA2D149552009526BC /* Data */ = {
			isa = PBXGroup;
			children = (
				6DED88B72D149552009526BC /* Networking */,
				6DED88B92D149552009526BC /* Repositories */,
			);
			path = Data;
			sourceTree = "<group>";
		};
		6DED88BC2D149552009526BC /* Domain */ = {
			isa = PBXGroup;
			children = (
				6DED88BB2D149552009526BC /* GetRegionsTests.swift */,
				AFB03E522D15885900C5632C /* GetJobsByRegionTests.swift */,
			);
			path = Domain;
			sourceTree = "<group>";
		};
		6DED88BE2D149552009526BC /* Regions */ = {
			isa = PBXGroup;
			children = (
				6DED88BD2D149552009526BC /* GetRegionsRepositoryStub.swift */,
				6DED88D52D149B1E009526BC /* APIGetRegionsDataSourceStub.swift */,
				6DED88DB2D14A17E009526BC /* GetRegionsStub.swift */,
				AFB03E542D1588D500C5632C /* GetJobsByRegionRepositoryStub.swift */,
				AFB03E5E2D158D5400C5632C /* APIGetJobsByRegionDataSourceStub.swift */,
			);
			path = Regions;
			sourceTree = "<group>";
		};
		6DED88C02D149552009526BC /* Helpers */ = {
			isa = PBXGroup;
			children = (
				6DED88BF2D149552009526BC /* Equatable.swift */,
				6DED88D32D149864009526BC /* URLSessionStub.swift */,
				6DED88D72D149DEF009526BC /* HTTPClientStub.swift */,
				6DED88BE2D149552009526BC /* Regions */,
			);
			path = Helpers;
			sourceTree = "<group>";
		};
		6DED88C12D149552009526BC /* Presentation */ = {
			isa = PBXGroup;
			children = (
				6DED88CE2D149576009526BC /* JobsRegionsViewModelTests.swift */,
			);
			path = Presentation;
			sourceTree = "<group>";
		};
		6DED88C32D149552009526BC /* JobInfoTests */ = {
			isa = PBXGroup;
			children = (
				6DED88C02D149552009526BC /* Helpers */,
				6DED88D02D14958D009526BC /* Mappers */,
				6DED88C12D149552009526BC /* Presentation */,
				6DED88B52D149552009526BC /* Infraestructure */,
				6DED88BA2D149552009526BC /* Data */,
				6DED88BC2D149552009526BC /* Domain */,
			);
			path = JobInfoTests;
			sourceTree = "<group>";
		};
		6DED88D02D14958D009526BC /* Mappers */ = {
			isa = PBXGroup;
			children = (
				6DED88D12D14959E009526BC /* JobInfoPresentableErrorMapperTests.swift */,
				AFB03E602D158EA000C5632C /* JobsByRegionResultMapperTests.swift */,
				AFB03E622D158EB500C5632C /* RegionsResultMapperTests.swift */,
			);
			path = Mappers;
			sourceTree = "<group>";
		};
/* End PBXGroup section */

/* Begin PBXNativeTarget section */
		6D40ADDC2D1476C90015F8AC /* JobInfo */ = {
			isa = PBXNativeTarget;
			buildConfigurationList = 6D40AE022D1476CA0015F8AC /* Build configuration list for PBXNativeTarget "JobInfo" */;
			buildPhases = (
				6D40ADD92D1476C90015F8AC /* Sources */,
				6D40ADDA2D1476C90015F8AC /* Frameworks */,
				6D40ADDB2D1476C90015F8AC /* Resources */,
			);
			buildRules = (
			);
			dependencies = (
			);
			name = JobInfo;
			packageProductDependencies = (
				6D983DC62D1479FD008DC00A /* FirebaseCrashlytics */,
			);
			productName = JobInfo;
			productReference = 6D40ADDD2D1476C90015F8AC /* JobInfo.app */;
			productType = "com.apple.product-type.application";
		};
		6D40ADED2D1476CA0015F8AC /* JobInfoTests */ = {
			isa = PBXNativeTarget;
			buildConfigurationList = 6D40AE052D1476CA0015F8AC /* Build configuration list for PBXNativeTarget "JobInfoTests" */;
			buildPhases = (
				6D40ADEA2D1476CA0015F8AC /* Sources */,
				6D40ADEB2D1476CA0015F8AC /* Frameworks */,
				6D40ADEC2D1476CA0015F8AC /* Resources */,
			);
			buildRules = (
			);
			dependencies = (
				6D40ADF02D1476CA0015F8AC /* PBXTargetDependency */,
			);
			name = JobInfoTests;
			packageProductDependencies = (
			);
			productName = JobInfoTests;
			productReference = 6D40ADEE2D1476CA0015F8AC /* JobInfoTests.xctest */;
			productType = "com.apple.product-type.bundle.unit-test";
		};
		6D40ADF72D1476CA0015F8AC /* JobInfoUITests */ = {
			isa = PBXNativeTarget;
			buildConfigurationList = 6D40AE082D1476CA0015F8AC /* Build configuration list for PBXNativeTarget "JobInfoUITests" */;
			buildPhases = (
				6D40ADF42D1476CA0015F8AC /* Sources */,
				6D40ADF52D1476CA0015F8AC /* Frameworks */,
				6D40ADF62D1476CA0015F8AC /* Resources */,
			);
			buildRules = (
			);
			dependencies = (
				6D40ADFA2D1476CA0015F8AC /* PBXTargetDependency */,
			);
			fileSystemSynchronizedGroups = (
				6D40ADFB2D1476CA0015F8AC /* JobInfoUITests */,
			);
			name = JobInfoUITests;
			packageProductDependencies = (
			);
			productName = JobInfoUITests;
			productReference = 6D40ADF82D1476CA0015F8AC /* JobInfoUITests.xctest */;
			productType = "com.apple.product-type.bundle.ui-testing";
		};
/* End PBXNativeTarget section */

/* Begin PBXProject section */
		6D40ADD52D1476C90015F8AC /* Project object */ = {
			isa = PBXProject;
			attributes = {
				BuildIndependentTargetsInParallel = 1;
				LastSwiftUpdateCheck = 1620;
				LastUpgradeCheck = 1620;
				TargetAttributes = {
					6D40ADDC2D1476C90015F8AC = {
						CreatedOnToolsVersion = 16.2;
					};
					6D40ADED2D1476CA0015F8AC = {
						CreatedOnToolsVersion = 16.2;
						TestTargetID = 6D40ADDC2D1476C90015F8AC;
					};
					6D40ADF72D1476CA0015F8AC = {
						CreatedOnToolsVersion = 16.2;
						TestTargetID = 6D40ADDC2D1476C90015F8AC;
					};
				};
			};
			buildConfigurationList = 6D40ADD82D1476C90015F8AC /* Build configuration list for PBXProject "JobInfo" */;
			developmentRegion = en;
			hasScannedForEncodings = 0;
			knownRegions = (
				en,
				Base,
			);
			mainGroup = 6D40ADD42D1476C90015F8AC;
			minimizedProjectReferenceProxies = 1;
			packageReferences = (
				6D983DC52D1479FD008DC00A /* XCRemoteSwiftPackageReference "firebase-ios-sdk" */,
			);
			preferredProjectObjectVersion = 77;
			productRefGroup = 6D40ADDE2D1476C90015F8AC /* Products */;
			projectDirPath = "";
			projectRoot = "";
			targets = (
				6D40ADDC2D1476C90015F8AC /* JobInfo */,
				6D40ADED2D1476CA0015F8AC /* JobInfoTests */,
				6D40ADF72D1476CA0015F8AC /* JobInfoUITests */,
			);
		};
/* End PBXProject section */

/* Begin PBXResourcesBuildPhase section */
		6D40ADDB2D1476C90015F8AC /* Resources */ = {
			isa = PBXResourcesBuildPhase;
			buildActionMask = 2147483647;
			files = (
				6D983DB02D14781B008DC00A /* Preview Assets.xcassets in Resources */,
				6D983DB12D14781B008DC00A /* Assets.xcassets in Resources */,
			);
			runOnlyForDeploymentPostprocessing = 0;
		};
		6D40ADEC2D1476CA0015F8AC /* Resources */ = {
			isa = PBXResourcesBuildPhase;
			buildActionMask = 2147483647;
			files = (
			);
			runOnlyForDeploymentPostprocessing = 0;
		};
		6D40ADF62D1476CA0015F8AC /* Resources */ = {
			isa = PBXResourcesBuildPhase;
			buildActionMask = 2147483647;
			files = (
			);
			runOnlyForDeploymentPostprocessing = 0;
		};
/* End PBXResourcesBuildPhase section */

/* Begin PBXSourcesBuildPhase section */
		6D40ADD92D1476C90015F8AC /* Sources */ = {
			isa = PBXSourcesBuildPhase;
			buildActionMask = 2147483647;
			files = (
				AFB03E492D1585BB00C5632C /* JobResult.swift in Sources */,
				6D983DBE2D1478ED008DC00A /* SharedURLSession.swift in Sources */,
				6D1E8F992D1986AF0037BB27 /* JobsTypesFactory.swift in Sources */,
				6D983DBC2D1478E1008DC00A /* URLSessionType.swift in Sources */,
				6D983DCF2D147AA3008DC00A /* HTTPClient.swift in Sources */,
				6D1E8F972D19864B0037BB27 /* APIGetTypesDataSource.swift in Sources */,
				6D1E8F8E2D1984FF0037BB27 /* GetTypesRepository.swift in Sources */,
				AFB03E5B2D158BD200C5632C /* JobsByRegionResultMapper.swift in Sources */,
				6D983DC42D1479B4008DC00A /* FirebaseLogs.swift in Sources */,
				AFB03E592D158B8F00C5632C /* APIGetJobsByRegionDataSourceType.swift in Sources */,
				6D1E8F9C2D1986DD0037BB27 /* JobsTypesView.swift in Sources */,
				6D1E8FA22D1988A40037BB27 /* CreateJobsByTypeView.swift in Sources */,
				AFB03E652D15909F00C5632C /* APIGetJobsByRegionDataSource.swift in Sources */,
				6D1E8F902D19857C0037BB27 /* TypesResultMapper.swift in Sources */,
				6DED88762D147E42009526BC /* GetRegionsRepository.swift in Sources */,
				6DED88732D147CD5009526BC /* APIGetRegionsDataSource.swift in Sources */,
				6D1E8F8B2D1984C70037BB27 /* GetTypesRepositoryType.swift in Sources */,
				6D235C882D15A6120055C8E7 /* JobsViewModel.swift in Sources */,
				6DED88802D147FF0009526BC /* GetRegions.swift in Sources */,
				6DED889A2D148BB1009526BC /* JobsRegionsViewModel.swift in Sources */,
				6D1E8F892D1984890037BB27 /* JobType.swift in Sources */,
				6DED88942D1489B3009526BC /* CreateJobsByRegionView.swift in Sources */,
				AFB03E452D15833E00C5632C /* JobResultDTO.swift in Sources */,
				6D983DBA2D1478C4008DC00A /* URLSessionHTTPCLient.swift in Sources */,
				6D1E8F832D197DBA0037BB27 /* String+Extension.swift in Sources */,
				6DED88842D14835E009526BC /* GetRegionsType.swift in Sources */,
				AFB03E572D158AAE00C5632C /* GetJobsByRegionRepository.swift in Sources */,
				AFB03E512D1587FB00C5632C /* GetJobsByRegionRepositoryType.swift in Sources */,
				6D983DB22D14781B008DC00A /* ContentView.swift in Sources */,
				6D983DB62D14789F008DC00A /* URLSessionRequestMaker.swift in Sources */,
				6D983DB32D14781B008DC00A /* JobInfoApp.swift in Sources */,
				6D1E8FA02D19873F0037BB27 /* JobsTypesViewModel.swift in Sources */,
				6DED88962D148A80009526BC /* ContentViewFactory.swift in Sources */,
				6DED88922D14891A009526BC /* JobsRegionsView.swift in Sources */,
				6DED88782D147E5F009526BC /* GetRegionsRepositoryType.swift in Sources */,
				6D1E8F952D19860B0037BB27 /* APIGetTypesDataSourceType.swift in Sources */,
				AFB03E4B2D1585EB00C5632C /* Job.swift in Sources */,
				6DED88982D148AEC009526BC /* JobsRegionsFactory.swift in Sources */,
				AFB03E4D2D15873800C5632C /* GetJobsByRegion.swift in Sources */,
				6DED887E2D147F3C009526BC /* RegionsResultMapper.swift in Sources */,
				6DED889D2D148D03009526BC /* JobInfoPresentableErrorMapper.swift in Sources */,
				6D235C8A2D1817C20055C8E7 /* JobItemView.swift in Sources */,
				6D983DD42D147BB0008DC00A /* APIGetRegionsDataSourceType.swift in Sources */,
				6D235C842D15A4950055C8E7 /* JobsView.swift in Sources */,
				AFB03E4F2D1587B700C5632C /* GetJobsByRegionType.swift in Sources */,
				6D983DC92D147A7A008DC00A /* HTTPClientError.swift in Sources */,
				6D1E8F852D1984140037BB27 /* GetTypes.swift in Sources */,
				6DED887C2D147EFD009526BC /* JobRegion.swift in Sources */,
				6D983DD12D147B55008DC00A /* JobRegionDTO.swift in Sources */,
				6D1E8F922D1985D20037BB27 /* JobTypeDTO.swift in Sources */,
				6D983DCD2D147A98008DC00A /* HTTPMethod.swift in Sources */,
				6D235C822D15A47C0055C8E7 /* CreateJobsView.swift in Sources */,
				6D235C862D15A5740055C8E7 /* JobsFactory.swift in Sources */,
				6DED88822D1482F4009526BC /* JobInfoDomainErrorMapper.swift in Sources */,
				AFB03E472D1583E200C5632C /* JobDTO.swift in Sources */,
				6D983DB82D1478B3008DC00A /* URLSessionErrorResolver.swift in Sources */,
				6D983DCB2D147A8B008DC00A /* Endpoint.swift in Sources */,
				6D1E8F872D19846C0037BB27 /* GetTypesType.swift in Sources */,
				6DED887A2D147EEA009526BC /* JobInfoDomainError.swift in Sources */,
				6DED889F2D148FCA009526BC /* LoadingSpinnerView.swift in Sources */,
				6D983DC22D147957008DC00A /* Constants.swift in Sources */,
			);
			runOnlyForDeploymentPostprocessing = 0;
		};
		6D40ADEA2D1476CA0015F8AC /* Sources */ = {
			isa = PBXSourcesBuildPhase;
			buildActionMask = 2147483647;
			files = (
				6DED88C42D149552009526BC /* SharedURLSessionTests.swift in Sources */,
				6DED88DC2D14A17E009526BC /* GetRegionsStub.swift in Sources */,
				AFB03E612D158EA000C5632C /* JobsByRegionResultMapperTests.swift in Sources */,
				6DED88C52D149552009526BC /* URLSessionErrorResolverTests.swift in Sources */,
				6DED88C62D149552009526BC /* URLSessionHTTPClientTests.swift in Sources */,
				AFB03E632D158EB500C5632C /* RegionsResultMapperTests.swift in Sources */,
				AFB03E552D1588D500C5632C /* GetJobsByRegionRepositoryStub.swift in Sources */,
				AFB03E5D2D158CC100C5632C /* GetJobsByRegionRepositoryTests.swift in Sources */,
				6DED88C72D149552009526BC /* URLSessionRequestMakerTests.swift in Sources */,
				AFB03E532D15885900C5632C /* GetJobsByRegionTests.swift in Sources */,
				6DED88C82D149552009526BC /* APIGetRegionsDataSourceTests.swift in Sources */,
				6DED88D22D14959E009526BC /* JobInfoPresentableErrorMapperTests.swift in Sources */,
				6DED88D82D149DEF009526BC /* HTTPClientStub.swift in Sources */,
				AFB03E672D15919A00C5632C /* APIGetJobsByRegionDataSourceTests.swift in Sources */,
				AFB03E5F2D158D5400C5632C /* APIGetJobsByRegionDataSourceStub.swift in Sources */,
				6DED88C92D149552009526BC /* GetRegionsRepositoryTests.swift in Sources */,
				6DED88CA2D149552009526BC /* GetRegionsTests.swift in Sources */,
				6DED88D42D149864009526BC /* URLSessionStub.swift in Sources */,
				6DED88D62D149B1E009526BC /* APIGetRegionsDataSourceStub.swift in Sources */,
				6DED88CB2D149552009526BC /* GetRegionsRepositoryStub.swift in Sources */,
				6DED88CF2D149576009526BC /* JobsRegionsViewModelTests.swift in Sources */,
				6DED88CC2D149552009526BC /* Equatable.swift in Sources */,
			);
			runOnlyForDeploymentPostprocessing = 0;
		};
		6D40ADF42D1476CA0015F8AC /* Sources */ = {
			isa = PBXSourcesBuildPhase;
			buildActionMask = 2147483647;
			files = (
			);
			runOnlyForDeploymentPostprocessing = 0;
		};
/* End PBXSourcesBuildPhase section */

/* Begin PBXTargetDependency section */
		6D40ADF02D1476CA0015F8AC /* PBXTargetDependency */ = {
			isa = PBXTargetDependency;
			target = 6D40ADDC2D1476C90015F8AC /* JobInfo */;
			targetProxy = 6D40ADEF2D1476CA0015F8AC /* PBXContainerItemProxy */;
		};
		6D40ADFA2D1476CA0015F8AC /* PBXTargetDependency */ = {
			isa = PBXTargetDependency;
			target = 6D40ADDC2D1476C90015F8AC /* JobInfo */;
			targetProxy = 6D40ADF92D1476CA0015F8AC /* PBXContainerItemProxy */;
		};
/* End PBXTargetDependency section */

/* Begin XCBuildConfiguration section */
		6D40AE002D1476CA0015F8AC /* Debug */ = {
			isa = XCBuildConfiguration;
			buildSettings = {
				ALWAYS_SEARCH_USER_PATHS = NO;
				ASSETCATALOG_COMPILER_GENERATE_SWIFT_ASSET_SYMBOL_EXTENSIONS = YES;
				CLANG_ANALYZER_NONNULL = YES;
				CLANG_ANALYZER_NUMBER_OBJECT_CONVERSION = YES_AGGRESSIVE;
				CLANG_CXX_LANGUAGE_STANDARD = "gnu++20";
				CLANG_ENABLE_MODULES = YES;
				CLANG_ENABLE_OBJC_ARC = YES;
				CLANG_ENABLE_OBJC_WEAK = YES;
				CLANG_WARN_BLOCK_CAPTURE_AUTORELEASING = YES;
				CLANG_WARN_BOOL_CONVERSION = YES;
				CLANG_WARN_COMMA = YES;
				CLANG_WARN_CONSTANT_CONVERSION = YES;
				CLANG_WARN_DEPRECATED_OBJC_IMPLEMENTATIONS = YES;
				CLANG_WARN_DIRECT_OBJC_ISA_USAGE = YES_ERROR;
				CLANG_WARN_DOCUMENTATION_COMMENTS = YES;
				CLANG_WARN_EMPTY_BODY = YES;
				CLANG_WARN_ENUM_CONVERSION = YES;
				CLANG_WARN_INFINITE_RECURSION = YES;
				CLANG_WARN_INT_CONVERSION = YES;
				CLANG_WARN_NON_LITERAL_NULL_CONVERSION = YES;
				CLANG_WARN_OBJC_IMPLICIT_RETAIN_SELF = YES;
				CLANG_WARN_OBJC_LITERAL_CONVERSION = YES;
				CLANG_WARN_OBJC_ROOT_CLASS = YES_ERROR;
				CLANG_WARN_QUOTED_INCLUDE_IN_FRAMEWORK_HEADER = YES;
				CLANG_WARN_RANGE_LOOP_ANALYSIS = YES;
				CLANG_WARN_STRICT_PROTOTYPES = YES;
				CLANG_WARN_SUSPICIOUS_MOVE = YES;
				CLANG_WARN_UNGUARDED_AVAILABILITY = YES_AGGRESSIVE;
				CLANG_WARN_UNREACHABLE_CODE = YES;
				CLANG_WARN__DUPLICATE_METHOD_MATCH = YES;
				COPY_PHASE_STRIP = NO;
				DEBUG_INFORMATION_FORMAT = dwarf;
				ENABLE_STRICT_OBJC_MSGSEND = YES;
				ENABLE_TESTABILITY = YES;
				ENABLE_USER_SCRIPT_SANDBOXING = YES;
				GCC_C_LANGUAGE_STANDARD = gnu17;
				GCC_DYNAMIC_NO_PIC = NO;
				GCC_NO_COMMON_BLOCKS = YES;
				GCC_OPTIMIZATION_LEVEL = 0;
				GCC_PREPROCESSOR_DEFINITIONS = (
					"DEBUG=1",
					"$(inherited)",
				);
				GCC_WARN_64_TO_32_BIT_CONVERSION = YES;
				GCC_WARN_ABOUT_RETURN_TYPE = YES_ERROR;
				GCC_WARN_UNDECLARED_SELECTOR = YES;
				GCC_WARN_UNINITIALIZED_AUTOS = YES_AGGRESSIVE;
				GCC_WARN_UNUSED_FUNCTION = YES;
				GCC_WARN_UNUSED_VARIABLE = YES;
				LOCALIZATION_PREFERS_STRING_CATALOGS = YES;
				MTL_ENABLE_DEBUG_INFO = INCLUDE_SOURCE;
				MTL_FAST_MATH = YES;
				ONLY_ACTIVE_ARCH = YES;
				SWIFT_ACTIVE_COMPILATION_CONDITIONS = "DEBUG $(inherited)";
				SWIFT_OPTIMIZATION_LEVEL = "-Onone";
			};
			name = Debug;
		};
		6D40AE012D1476CA0015F8AC /* Release */ = {
			isa = XCBuildConfiguration;
			buildSettings = {
				ALWAYS_SEARCH_USER_PATHS = NO;
				ASSETCATALOG_COMPILER_GENERATE_SWIFT_ASSET_SYMBOL_EXTENSIONS = YES;
				CLANG_ANALYZER_NONNULL = YES;
				CLANG_ANALYZER_NUMBER_OBJECT_CONVERSION = YES_AGGRESSIVE;
				CLANG_CXX_LANGUAGE_STANDARD = "gnu++20";
				CLANG_ENABLE_MODULES = YES;
				CLANG_ENABLE_OBJC_ARC = YES;
				CLANG_ENABLE_OBJC_WEAK = YES;
				CLANG_WARN_BLOCK_CAPTURE_AUTORELEASING = YES;
				CLANG_WARN_BOOL_CONVERSION = YES;
				CLANG_WARN_COMMA = YES;
				CLANG_WARN_CONSTANT_CONVERSION = YES;
				CLANG_WARN_DEPRECATED_OBJC_IMPLEMENTATIONS = YES;
				CLANG_WARN_DIRECT_OBJC_ISA_USAGE = YES_ERROR;
				CLANG_WARN_DOCUMENTATION_COMMENTS = YES;
				CLANG_WARN_EMPTY_BODY = YES;
				CLANG_WARN_ENUM_CONVERSION = YES;
				CLANG_WARN_INFINITE_RECURSION = YES;
				CLANG_WARN_INT_CONVERSION = YES;
				CLANG_WARN_NON_LITERAL_NULL_CONVERSION = YES;
				CLANG_WARN_OBJC_IMPLICIT_RETAIN_SELF = YES;
				CLANG_WARN_OBJC_LITERAL_CONVERSION = YES;
				CLANG_WARN_OBJC_ROOT_CLASS = YES_ERROR;
				CLANG_WARN_QUOTED_INCLUDE_IN_FRAMEWORK_HEADER = YES;
				CLANG_WARN_RANGE_LOOP_ANALYSIS = YES;
				CLANG_WARN_STRICT_PROTOTYPES = YES;
				CLANG_WARN_SUSPICIOUS_MOVE = YES;
				CLANG_WARN_UNGUARDED_AVAILABILITY = YES_AGGRESSIVE;
				CLANG_WARN_UNREACHABLE_CODE = YES;
				CLANG_WARN__DUPLICATE_METHOD_MATCH = YES;
				COPY_PHASE_STRIP = NO;
				DEBUG_INFORMATION_FORMAT = "dwarf-with-dsym";
				ENABLE_NS_ASSERTIONS = NO;
				ENABLE_STRICT_OBJC_MSGSEND = YES;
				ENABLE_USER_SCRIPT_SANDBOXING = YES;
				GCC_C_LANGUAGE_STANDARD = gnu17;
				GCC_NO_COMMON_BLOCKS = YES;
				GCC_WARN_64_TO_32_BIT_CONVERSION = YES;
				GCC_WARN_ABOUT_RETURN_TYPE = YES_ERROR;
				GCC_WARN_UNDECLARED_SELECTOR = YES;
				GCC_WARN_UNINITIALIZED_AUTOS = YES_AGGRESSIVE;
				GCC_WARN_UNUSED_FUNCTION = YES;
				GCC_WARN_UNUSED_VARIABLE = YES;
				LOCALIZATION_PREFERS_STRING_CATALOGS = YES;
				MTL_ENABLE_DEBUG_INFO = NO;
				MTL_FAST_MATH = YES;
				SWIFT_COMPILATION_MODE = wholemodule;
			};
			name = Release;
		};
		6D40AE032D1476CA0015F8AC /* Debug */ = {
			isa = XCBuildConfiguration;
			buildSettings = {
				ASSETCATALOG_COMPILER_APPICON_NAME = AppIcon;
				ASSETCATALOG_COMPILER_GLOBAL_ACCENT_COLOR_NAME = AccentColor;
				CODE_SIGN_ENTITLEMENTS = JobInfo/JobInfo.entitlements;
				CODE_SIGN_STYLE = Automatic;
				CURRENT_PROJECT_VERSION = 1;
				DEVELOPMENT_ASSET_PATHS = "\"JobInfo/Preview Content\"";
				DEVELOPMENT_TEAM = 648JG79GLR;
				ENABLE_HARDENED_RUNTIME = YES;
				ENABLE_PREVIEWS = YES;
				GENERATE_INFOPLIST_FILE = YES;
				"INFOPLIST_KEY_UIApplicationSceneManifest_Generation[sdk=iphoneos*]" = YES;
				"INFOPLIST_KEY_UIApplicationSceneManifest_Generation[sdk=iphonesimulator*]" = YES;
				"INFOPLIST_KEY_UIApplicationSupportsIndirectInputEvents[sdk=iphoneos*]" = YES;
				"INFOPLIST_KEY_UIApplicationSupportsIndirectInputEvents[sdk=iphonesimulator*]" = YES;
				"INFOPLIST_KEY_UILaunchScreen_Generation[sdk=iphoneos*]" = YES;
				"INFOPLIST_KEY_UILaunchScreen_Generation[sdk=iphonesimulator*]" = YES;
				"INFOPLIST_KEY_UIStatusBarStyle[sdk=iphoneos*]" = UIStatusBarStyleDefault;
				"INFOPLIST_KEY_UIStatusBarStyle[sdk=iphonesimulator*]" = UIStatusBarStyleDefault;
				INFOPLIST_KEY_UISupportedInterfaceOrientations = UIInterfaceOrientationPortrait;
				IPHONEOS_DEPLOYMENT_TARGET = 18.0;
				LD_RUNPATH_SEARCH_PATHS = "@executable_path/Frameworks";
				"LD_RUNPATH_SEARCH_PATHS[sdk=macosx*]" = "@executable_path/../Frameworks";
				MACOSX_DEPLOYMENT_TARGET = 15.2;
				MARKETING_VERSION = 1.0;
				PRODUCT_BUNDLE_IDENTIFIER = com.edgar.job.JobInfo;
				PRODUCT_NAME = "$(TARGET_NAME)";
				SDKROOT = auto;
				SUPPORTED_PLATFORMS = "iphoneos iphonesimulator";
				SUPPORTS_MACCATALYST = NO;
				SWIFT_EMIT_LOC_STRINGS = YES;
				SWIFT_VERSION = 6.0;
				TARGETED_DEVICE_FAMILY = "1,2";
				XROS_DEPLOYMENT_TARGET = 2.2;
			};
			name = Debug;
		};
		6D40AE042D1476CA0015F8AC /* Release */ = {
			isa = XCBuildConfiguration;
			buildSettings = {
				ASSETCATALOG_COMPILER_APPICON_NAME = AppIcon;
				ASSETCATALOG_COMPILER_GLOBAL_ACCENT_COLOR_NAME = AccentColor;
				CODE_SIGN_ENTITLEMENTS = JobInfo/JobInfo.entitlements;
				CODE_SIGN_STYLE = Automatic;
				CURRENT_PROJECT_VERSION = 1;
				DEVELOPMENT_ASSET_PATHS = "\"JobInfo/Preview Content\"";
				DEVELOPMENT_TEAM = 648JG79GLR;
				ENABLE_HARDENED_RUNTIME = YES;
				ENABLE_PREVIEWS = YES;
				GENERATE_INFOPLIST_FILE = YES;
				"INFOPLIST_KEY_UIApplicationSceneManifest_Generation[sdk=iphoneos*]" = YES;
				"INFOPLIST_KEY_UIApplicationSceneManifest_Generation[sdk=iphonesimulator*]" = YES;
				"INFOPLIST_KEY_UIApplicationSupportsIndirectInputEvents[sdk=iphoneos*]" = YES;
				"INFOPLIST_KEY_UIApplicationSupportsIndirectInputEvents[sdk=iphonesimulator*]" = YES;
				"INFOPLIST_KEY_UILaunchScreen_Generation[sdk=iphoneos*]" = YES;
				"INFOPLIST_KEY_UILaunchScreen_Generation[sdk=iphonesimulator*]" = YES;
				"INFOPLIST_KEY_UIStatusBarStyle[sdk=iphoneos*]" = UIStatusBarStyleDefault;
				"INFOPLIST_KEY_UIStatusBarStyle[sdk=iphonesimulator*]" = UIStatusBarStyleDefault;
				INFOPLIST_KEY_UISupportedInterfaceOrientations = UIInterfaceOrientationPortrait;
				IPHONEOS_DEPLOYMENT_TARGET = 18.0;
				LD_RUNPATH_SEARCH_PATHS = "@executable_path/Frameworks";
				"LD_RUNPATH_SEARCH_PATHS[sdk=macosx*]" = "@executable_path/../Frameworks";
				MACOSX_DEPLOYMENT_TARGET = 15.2;
				MARKETING_VERSION = 1.0;
				PRODUCT_BUNDLE_IDENTIFIER = com.edgar.job.JobInfo;
				PRODUCT_NAME = "$(TARGET_NAME)";
				SDKROOT = auto;
				SUPPORTED_PLATFORMS = "iphoneos iphonesimulator";
				SUPPORTS_MACCATALYST = NO;
				SWIFT_EMIT_LOC_STRINGS = YES;
				SWIFT_VERSION = 6.0;
				TARGETED_DEVICE_FAMILY = "1,2";
				XROS_DEPLOYMENT_TARGET = 2.2;
			};
			name = Release;
		};
		6D40AE062D1476CA0015F8AC /* Debug */ = {
			isa = XCBuildConfiguration;
			buildSettings = {
				BUNDLE_LOADER = "$(TEST_HOST)";
				CODE_SIGN_STYLE = Automatic;
				CURRENT_PROJECT_VERSION = 1;
				DEVELOPMENT_TEAM = 648JG79GLR;
				GENERATE_INFOPLIST_FILE = YES;
				IPHONEOS_DEPLOYMENT_TARGET = 18.0;
				MACOSX_DEPLOYMENT_TARGET = 15.2;
				MARKETING_VERSION = 1.0;
				PRODUCT_BUNDLE_IDENTIFIER = com.edgar.job.JobInfoTests;
				PRODUCT_NAME = "$(TARGET_NAME)";
				SDKROOT = auto;
				SUPPORTED_PLATFORMS = "iphoneos iphonesimulator";
				SUPPORTS_MACCATALYST = NO;
				SWIFT_EMIT_LOC_STRINGS = NO;
				SWIFT_VERSION = 5.0;
				TARGETED_DEVICE_FAMILY = "1,2";
				TEST_HOST = "$(BUILT_PRODUCTS_DIR)/JobInfo.app/$(BUNDLE_EXECUTABLE_FOLDER_PATH)/JobInfo";
				XROS_DEPLOYMENT_TARGET = 2.2;
			};
			name = Debug;
		};
		6D40AE072D1476CA0015F8AC /* Release */ = {
			isa = XCBuildConfiguration;
			buildSettings = {
				BUNDLE_LOADER = "$(TEST_HOST)";
				CODE_SIGN_STYLE = Automatic;
				CURRENT_PROJECT_VERSION = 1;
				DEVELOPMENT_TEAM = 648JG79GLR;
				GENERATE_INFOPLIST_FILE = YES;
				IPHONEOS_DEPLOYMENT_TARGET = 18.0;
				MACOSX_DEPLOYMENT_TARGET = 15.2;
				MARKETING_VERSION = 1.0;
				PRODUCT_BUNDLE_IDENTIFIER = com.edgar.job.JobInfoTests;
				PRODUCT_NAME = "$(TARGET_NAME)";
				SDKROOT = auto;
				SUPPORTED_PLATFORMS = "iphoneos iphonesimulator";
				SUPPORTS_MACCATALYST = NO;
				SWIFT_EMIT_LOC_STRINGS = NO;
				SWIFT_VERSION = 5.0;
				TARGETED_DEVICE_FAMILY = "1,2";
				TEST_HOST = "$(BUILT_PRODUCTS_DIR)/JobInfo.app/$(BUNDLE_EXECUTABLE_FOLDER_PATH)/JobInfo";
				XROS_DEPLOYMENT_TARGET = 2.2;
			};
			name = Release;
		};
		6D40AE092D1476CA0015F8AC /* Debug */ = {
			isa = XCBuildConfiguration;
			buildSettings = {
				CODE_SIGN_STYLE = Automatic;
				CURRENT_PROJECT_VERSION = 1;
				DEVELOPMENT_TEAM = 648JG79GLR;
				GENERATE_INFOPLIST_FILE = YES;
				IPHONEOS_DEPLOYMENT_TARGET = 18.0;
				MACOSX_DEPLOYMENT_TARGET = 15.2;
				MARKETING_VERSION = 1.0;
				PRODUCT_BUNDLE_IDENTIFIER = com.edgar.job.JobInfoUITests;
				PRODUCT_NAME = "$(TARGET_NAME)";
				SDKROOT = auto;
				SUPPORTED_PLATFORMS = "iphoneos iphonesimulator";
				SUPPORTS_MACCATALYST = NO;
				SWIFT_EMIT_LOC_STRINGS = NO;
				SWIFT_VERSION = 5.0;
				TARGETED_DEVICE_FAMILY = "1,2";
				TEST_TARGET_NAME = JobInfo;
				XROS_DEPLOYMENT_TARGET = 2.2;
			};
			name = Debug;
		};
		6D40AE0A2D1476CA0015F8AC /* Release */ = {
			isa = XCBuildConfiguration;
			buildSettings = {
				CODE_SIGN_STYLE = Automatic;
				CURRENT_PROJECT_VERSION = 1;
				DEVELOPMENT_TEAM = 648JG79GLR;
				GENERATE_INFOPLIST_FILE = YES;
				IPHONEOS_DEPLOYMENT_TARGET = 18.0;
				MACOSX_DEPLOYMENT_TARGET = 15.2;
				MARKETING_VERSION = 1.0;
				PRODUCT_BUNDLE_IDENTIFIER = com.edgar.job.JobInfoUITests;
				PRODUCT_NAME = "$(TARGET_NAME)";
				SDKROOT = auto;
				SUPPORTED_PLATFORMS = "iphoneos iphonesimulator";
				SUPPORTS_MACCATALYST = NO;
				SWIFT_EMIT_LOC_STRINGS = NO;
				SWIFT_VERSION = 5.0;
				TARGETED_DEVICE_FAMILY = "1,2";
				TEST_TARGET_NAME = JobInfo;
				XROS_DEPLOYMENT_TARGET = 2.2;
			};
			name = Release;
		};
/* End XCBuildConfiguration section */

/* Begin XCConfigurationList section */
		6D40ADD82D1476C90015F8AC /* Build configuration list for PBXProject "JobInfo" */ = {
			isa = XCConfigurationList;
			buildConfigurations = (
				6D40AE002D1476CA0015F8AC /* Debug */,
				6D40AE012D1476CA0015F8AC /* Release */,
			);
			defaultConfigurationIsVisible = 0;
			defaultConfigurationName = Release;
		};
		6D40AE022D1476CA0015F8AC /* Build configuration list for PBXNativeTarget "JobInfo" */ = {
			isa = XCConfigurationList;
			buildConfigurations = (
				6D40AE032D1476CA0015F8AC /* Debug */,
				6D40AE042D1476CA0015F8AC /* Release */,
			);
			defaultConfigurationIsVisible = 0;
			defaultConfigurationName = Release;
		};
		6D40AE052D1476CA0015F8AC /* Build configuration list for PBXNativeTarget "JobInfoTests" */ = {
			isa = XCConfigurationList;
			buildConfigurations = (
				6D40AE062D1476CA0015F8AC /* Debug */,
				6D40AE072D1476CA0015F8AC /* Release */,
			);
			defaultConfigurationIsVisible = 0;
			defaultConfigurationName = Release;
		};
		6D40AE082D1476CA0015F8AC /* Build configuration list for PBXNativeTarget "JobInfoUITests" */ = {
			isa = XCConfigurationList;
			buildConfigurations = (
				6D40AE092D1476CA0015F8AC /* Debug */,
				6D40AE0A2D1476CA0015F8AC /* Release */,
			);
			defaultConfigurationIsVisible = 0;
			defaultConfigurationName = Release;
		};
/* End XCConfigurationList section */

/* Begin XCRemoteSwiftPackageReference section */
		6D983DC52D1479FD008DC00A /* XCRemoteSwiftPackageReference "firebase-ios-sdk" */ = {
			isa = XCRemoteSwiftPackageReference;
			repositoryURL = "https://github.com/firebase/firebase-ios-sdk";
			requirement = {
				kind = upToNextMajorVersion;
				minimumVersion = 11.6.0;
			};
		};
/* End XCRemoteSwiftPackageReference section */

/* Begin XCSwiftPackageProductDependency section */
		6D983DC62D1479FD008DC00A /* FirebaseCrashlytics */ = {
			isa = XCSwiftPackageProductDependency;
			package = 6D983DC52D1479FD008DC00A /* XCRemoteSwiftPackageReference "firebase-ios-sdk" */;
			productName = FirebaseCrashlytics;
		};
/* End XCSwiftPackageProductDependency section */
	};
	rootObject = 6D40ADD52D1476C90015F8AC /* Project object */;
}
